
Microsoft Visual Studio Solution File, Format Version 11.00
# Visual Studio 2010
Project("{2150E333-8FDC-42A3-9474-1A3956D46DE8}") = "build", "build", "{208D55E8-5B49-4808-9383-EB61CFEFFCA5}"
EndProject
Project("{FAE04EC0-301F-11D3-BF4B-00C04F79EFBC}") = "Ccs.Site", "src\Ccs.Site\Ccs.Site.csproj", "{3B09157A-6B72-433A-A82A-28EFE08E8FB0}"
EndProject
Project("{FAE04EC0-301F-11D3-BF4B-00C04F79EFBC}") = "Ccs.Tests", "src\Ccs.Tests\Ccs.Tests.csproj", "{F37DEA9D-757B-4E40-A077-19070FE21B19}"
EndProject
Project("{FAE04EC0-301F-11D3-BF4B-00C04F79EFBC}") = "Ccs", "src\Ccs\Ccs.csproj", "{954D420F-998A-456C-9586-0F57F3A13F11}"
EndProject
Global
	GlobalSection(SolutionConfigurationPlatforms) = preSolution
		Debug|Any CPU = Debug|Any CPU
		Release|Any CPU = Release|Any CPU
	EndGlobalSection
	GlobalSection(ProjectConfigurationPlatforms) = postSolution
		{3B09157A-6B72-433A-A82A-28EFE08E8FB0}.Debug|Any CPU.ActiveCfg = Debug|Any CPU
		{3B09157A-6B72-433A-A82A-28EFE08E8FB0}.Debug|Any CPU.Build.0 = Debug|Any CPU
		{3B09157A-6B72-433A-A82A-28EFE08E8FB0}.Release|Any CPU.ActiveCfg = Release|Any CPU
		{3B09157A-6B72-433A-A82A-28EFE08E8FB0}.Release|Any CPU.Build.0 = Release|Any CPU
		{F37DEA9D-757B-4E40-A077-19070FE21B19}.Debug|Any CPU.ActiveCfg = Debug|Any CPU
		{F37DEA9D-757B-4E40-A077-19070FE21B19}.Debug|Any CPU.Build.0 = Debug|Any CPU
		{F37DEA9D-757B-4E40-A077-19070FE21B19}.Release|Any CPU.ActiveCfg = Release|Any CPU
		{F37DEA9D-757B-4E40-A077-19070FE21B19}.Release|Any CPU.Build.0 = Release|Any CPU
		{954D420F-998A-456C-9586-0F57F3A13F11}.Debug|Any CPU.ActiveCfg = Debug|Any CPU
		{954D420F-998A-456C-9586-0F57F3A13F11}.Debug|Any CPU.Build.0 = Debug|Any CPU
		{954D420F-998A-456C-9586-0F57F3A13F11}.Release|Any CPU.ActiveCfg = Release|Any CPU
		{954D420F-998A-456C-9586-0F57F3A13F11}.Release|Any CPU.Build.0 = Release|Any CPU
	EndGlobalSection
	GlobalSection(SolutionProperties) = preSolution
		HideSolutionNode = FALSE
	EndGlobalSection
EndGlobal
